
Microsoft Visual Studio Solution File, Format Version 12.00
# Visual Studio 2013
VisualStudioVersion = 12.0.40629.0
MinimumVisualStudioVersion = 10.0.40219.1
Project("{FAE04EC0-301F-11D3-BF4B-00C04F79EFBC}") = "附和水准近似平差", "附和水准近似平差\附和水准近似平差.csproj", "{0E593E59-6D87-4119-8E8B-B936FFDE884C}"
EndProject
Project("{6141683F-8A12-4E36-9623-2EB02B2C2303}") = "Setup1", "Setup1\Setup1.isproj", "{D15DEB3F-8F49-42D6-9EC7-2B767303E2BB}"
EndProject
Global
	GlobalSection(SolutionConfigurationPlatforms) = preSolution
		CD_ROM|Any CPU = CD_ROM|Any CPU
		Debug|Any CPU = Debug|Any CPU
		DVD-5|Any CPU = DVD-5|Any CPU
		Release|Any CPU = Release|Any CPU
		SingleImage|Any CPU = SingleImage|Any CPU
	EndGlobalSection
	GlobalSection(ProjectConfigurationPlatforms) = postSolution
		{0E593E59-6D87-4119-8E8B-B936FFDE884C}.CD_ROM|Any CPU.ActiveCfg = Release|Any CPU
		{0E593E59-6D87-4119-8E8B-B936FFDE884C}.CD_ROM|Any CPU.Build.0 = Release|Any CPU
		{0E593E59-6D87-4119-8E8B-B936FFDE884C}.Debug|Any CPU.ActiveCfg = Debug|Any CPU
		{0E593E59-6D87-4119-8E8B-B936FFDE884C}.Debug|Any CPU.Build.0 = Debug|Any CPU
		{0E593E59-6D87-4119-8E8B-B936FFDE884C}.DVD-5|Any CPU.ActiveCfg = Debug|Any CPU
		{0E593E59-6D87-4119-8E8B-B936FFDE884C}.DVD-5|Any CPU.Build.0 = Debug|Any CPU
		{0E593E59-6D87-4119-8E8B-B936FFDE884C}.Release|Any CPU.ActiveCfg = Release|Any CPU
		{0E593E59-6D87-4119-8E8B-B936FFDE884C}.Release|Any CPU.Build.0 = Release|Any CPU
		{0E593E59-6D87-4119-8E8B-B936FFDE884C}.SingleImage|Any CPU.ActiveCfg = Release|Any CPU
		{0E593E59-6D87-4119-8E8B-B936FFDE884C}.SingleImage|Any CPU.Build.0 = Release|Any CPU
		{D15DEB3F-8F49-42D6-9EC7-2B767303E2BB}.CD_ROM|Any CPU.ActiveCfg = CD_ROM
		{D15DEB3F-8F49-42D6-9EC7-2B767303E2BB}.CD_ROM|Any CPU.Build.0 = CD_ROM
		{D15DEB3F-8F49-42D6-9EC7-2B767303E2BB}.Debug|Any CPU.ActiveCfg = DVD-5
		{D15DEB3F-8F49-42D6-9EC7-2B767303E2BB}.Debug|Any CPU.Build.0 = DVD-5
		{D15DEB3F-8F49-42D6-9EC7-2B767303E2BB}.DVD-5|Any CPU.ActiveCfg = DVD-5
		{D15DEB3F-8F49-42D6-9EC7-2B767303E2BB}.DVD-5|Any CPU.Build.0 = DVD-5
		{D15DEB3F-8F49-42D6-9EC7-2B767303E2BB}.Release|Any CPU.ActiveCfg = SingleImage
		{D15DEB3F-8F49-42D6-9EC7-2B767303E2BB}.Release|Any CPU.Build.0 = SingleImage
		{D15DEB3F-8F49-42D6-9EC7-2B767303E2BB}.SingleImage|Any CPU.ActiveCfg = SingleImage
		{D15DEB3F-8F49-42D6-9EC7-2B767303E2BB}.SingleImage|Any CPU.Build.0 = SingleImage
	EndGlobalSection
	GlobalSection(SolutionProperties) = preSolution
		HideSolutionNode = FALSE
	EndGlobalSection
EndGlobal
